hash: fbb33b2a9055fc2a34f9d922ec8e9dcca1e2763c10f009a036c1573cd4e07186
updated: 2021-05-26T16:43:31.477012+03:00
imports:
- name: github.com/essemok/k8CommunityTrain
  version: 99b3a9f11c8437f7dba6b5d594092a92d245402e
  subpackages:
  - handlers
  - shutdown
  - version
- name: github.com/Sirupsen/logrus
  version: bdc0db8ead3853c56b7cd1ac2ba4e11b47d7da6b
- name: github.com/takama/router
  version: 0db9d28f71e2a29c7b82ea6a0851bb0dedeaf744
- name: golang.org/x/sys
  version: 35b2ab0089ea3ee6aace3725af1e000ea04a8ea1
  subpackages:
  - internal/unsafeheader
  - unix
  - windows
testImports: []
